// !$*UTF8*$!
{
	archiveVersion = 1;
	classes = {
	};
	objectVersion = 77;
	objects = {

/* Begin PBXContainerItemProxy section */
		D798B90D2E52CB2C002D4B21 /* PBXContainerItemProxy */ = {
			isa = PBXContainerItemProxy;
			containerPortal = D798B8EE2E52CB29002D4B21 /* Project object */;
			proxyType = 1;
			remoteGlobalIDString = D798B8F52E52CB29002D4B21;
			remoteInfo = prueba001;
		};
		D798B9172E52CB2C002D4B21 /* PBXContainerItemProxy */ = {
			isa = PBXContainerItemProxy;
			containerPortal = D798B8EE2E52CB29002D4B21 /* Project object */;
			proxyType = 1;
			remoteGlobalIDString = D798B8F52E52CB29002D4B21;
			remoteInfo = prueba001;
		};
/* End PBXContainerItemProxy section */

/* Begin PBXFileReference section */
		D798B8F62E52CB29002D4B21 /* prueba001.app */ = {isa = PBXFileReference; explicitFileType = wrapper.application; includeInIndex = 0; path = prueba001.app; sourceTree = BUILT_PRODUCTS_DIR; };
		D798B90C2E52CB2C002D4B21 /* prueba001Tests.xctest */ = {isa = PBXFileReference; explicitFileType = wrapper.cfbundle; includeInIndex = 0; path = prueba001Tests.xctest; sourceTree = BUILT_PRODUCTS_DIR; };
		D798B9162E52CB2C002D4B21 /* prueba001UITests.xctest */ = {isa = PBXFileReference; explicitFileType = wrapper.cfbundle; includeInIndex = 0; path = prueba001UITests.xctest; sourceTree = BUILT_PRODUCTS_DIR; };
/* End PBXFileReference section */

/* Begin PBXFileSystemSynchronizedBuildFileExceptionSet section */
		D798B91E2E52CB2C002D4B21 /* Exceptions for "prueba001" folder in "prueba001" target */ = {
			isa = PBXFileSystemSynchronizedBuildFileExceptionSet;
			membershipExceptions = (
				Info.plist,
			);
			target = D798B8F52E52CB29002D4B21 /* prueba001 */;
		};
/* End PBXFileSystemSynchronizedBuildFileExceptionSet section */

/* Begin PBXFileSystemSynchronizedRootGroup section */
		D798B8F82E52CB29002D4B21 /* prueba001 */ = {
			isa = PBXFileSystemSynchronizedRootGroup;
			exceptions = (
				D798B91E2E52CB2C002D4B21 /* Exceptions for "prueba001" folder in "prueba001" target */,
			);
			path = prueba001;
			sourceTree = "<group>";
		};
		D798B90F2E52CB2C002D4B21 /* prueba001Tests */ = {
			isa = PBXFileSystemSynchronizedRootGroup;
			path = prueba001Tests;
			sourceTree = "<group>";
		};
		D798B9192E52CB2C002D4B21 /* prueba001UITests */ = {
			isa = PBXFileSystemSynchronizedRootGroup;
			path = prueba001UITests;
			sourceTree = "<group>";
		};
/* End PBXFileSystemSynchronizedRootGroup section */

/* Begin PBXFrameworksBuildPhase section */
		D798B8F32E52CB29002D4B21 /* Frameworks */ = {
			isa = PBXFrameworksBuildPhase;
			buildActionMask = 2147483647;
			files = (
			);
			runOnlyForDeploymentPostprocessing = 0;
		};
		D798B9092E52CB2C002D4B21 /* Frameworks */ = {
			isa = PBXFrameworksBuildPhase;
			buildActionMask = 2147483647;
			files = (
			);
			runOnlyForDeploymentPostprocessing = 0;
		};
		D798B9132E52CB2C002D4B21 /* Frameworks */ = {
			isa = PBXFrameworksBuildPhase;
			buildActionMask = 2147483647;
			files = (
			);
			runOnlyForDeploymentPostprocessing = 0;
		};
/* End PBXFrameworksBuildPhase section */

/* Begin PBXGroup section */
		D798B8ED2E52CB29002D4B21 = {
			isa = PBXGroup;
			children = (
				D798B8F82E52CB29002D4B21 /* prueba001 */,
				D798B90F2E52CB2C002D4B21 /* prueba001Tests */,
				D798B9192E52CB2C002D4B21 /* prueba001UITests */,
				D798B8F72E52CB29002D4B21 /* Products */,
			);
			sourceTree = "<group>";
		};
		D798B8F72E52CB29002D4B21 /* Products */ = {
			isa = PBXGroup;
			children = (
				D798B8F62E52CB29002D4B21 /* prueba001.app */,
				D798B90C2E52CB2C002D4B21 /* prueba001Tests.xctest */,
				D798B9162E52CB2C002D4B21 /* prueba001UITests.xctest */,
			);
			name = Products;
			sourceTree = "<group>";
		};
/* End PBXGroup section */

/* Begin PBXNativeTarget section */
		D798B8F52E52CB29002D4B21 /* prueba001 */ = {
			isa = PBXNativeTarget;
			buildConfigurationList = D798B91F2E52CB2C002D4B21 /* Build configuration list for PBXNativeTarget "prueba001" */;
			buildPhases = (
				D798B8F22E52CB29002D4B21 /* Sources */,
				D798B8F32E52CB29002D4B21 /* Frameworks */,
				D798B8F42E52CB29002D4B21 /* Resources */,
			);
			buildRules = (
			);
			dependencies = (
			);
			fileSystemSynchronizedGroups = (
				D798B8F82E52CB29002D4B21 /* prueba001 */,
			);
			name = prueba001;
			packageProductDependencies = (
			);
			productName = prueba001;
			productReference = D798B8F62E52CB29002D4B21 /* prueba001.app */;
			productType = "com.apple.product-type.application";
		};
		D798B90B2E52CB2C002D4B21 /* prueba001Tests */ = {
			isa = PBXNativeTarget;
			buildConfigurationList = D798B9242E52CB2C002D4B21 /* Build configuration list for PBXNativeTarget "prueba001Tests" */;
			buildPhases = (
				D798B9082E52CB2C002D4B21 /* Sources */,
				D798B9092E52CB2C002D4B21 /* Frameworks */,
				D798B90A2E52CB2C002D4B21 /* Resources */,
			);
			buildRules = (
			);
			dependencies = (
				D798B90E2E52CB2C002D4B21 /* PBXTargetDependency */,
			);
			fileSystemSynchronizedGroups = (
				D798B90F2E52CB2C002D4B21 /* prueba001Tests */,
			);
			name = prueba001Tests;
			packageProductDependencies = (
			);
			productName = prueba001Tests;
			productReference = D798B90C2E52CB2C002D4B21 /* prueba001Tests.xctest */;
			productType = "com.apple.product-type.bundle.unit-test";
		};
		D798B9152E52CB2C002D4B21 /* prueba001UITests */ = {
			isa = PBXNativeTarget;
			buildConfigurationList = D798B9272E52CB2C002D4B21 /* Build configuration list for PBXNativeTarget "prueba001UITests" */;
			buildPhases = (
				D798B9122E52CB2C002D4B21 /* Sources */,
				D798B9132E52CB2C002D4B21 /* Frameworks */,
				D798B9142E52CB2C002D4B21 /* Resources */,
			);
			buildRules = (
			);
			dependencies = (
				D798B9182E52CB2C002D4B21 /* PBXTargetDependency */,
			);
			fileSystemSynchronizedGroups = (
				D798B9192E52CB2C002D4B21 /* prueba001UITests */,
			);
			name = prueba001UITests;
			packageProductDependencies = (
			);
			productName = prueba001UITests;
			productReference = D798B9162E52CB2C002D4B21 /* prueba001UITests.xctest */;
			productType = "com.apple.product-type.bundle.ui-testing";
		};
/* End PBXNativeTarget section */

/* Begin PBXProject section */
		D798B8EE2E52CB29002D4B21 /* Project object */ = {
			isa = PBXProject;
			attributes = {
				BuildIndependentTargetsInParallel = 1;
				LastSwiftUpdateCheck = 1640;
				LastUpgradeCheck = 1640;
				TargetAttributes = {
					D798B8F52E52CB29002D4B21 = {
						CreatedOnToolsVersion = 16.4;
					};
					D798B90B2E52CB2C002D4B21 = {
						CreatedOnToolsVersion = 16.4;
						TestTargetID = D798B8F52E52CB29002D4B21;
					};
					D798B9152E52CB2C002D4B21 = {
						CreatedOnToolsVersion = 16.4;
						TestTargetID = D798B8F52E52CB29002D4B21;
					};
				};
			};
			buildConfigurationList = D798B8F12E52CB29002D4B21 /* Build configuration list for PBXProject "prueba001" */;
			developmentRegion = en;
			hasScannedForEncodings = 0;
			knownRegions = (
				en,
				Base,
			);
			mainGroup = D798B8ED2E52CB29002D4B21;
			minimizedProjectReferenceProxies = 1;
			preferredProjectObjectVersion = 77;
			productRefGroup = D798B8F72E52CB29002D4B21 /* Products */;
			projectDirPath = "";
			projectRoot = "";
			targets = (
				D798B8F52E52CB29002D4B21 /* prueba001 */,
				D798B90B2E52CB2C002D4B21 /* prueba001Tests */,
				D798B9152E52CB2C002D4B21 /* prueba001UITests */,
			);
		};
/* End PBXProject section */

/* Begin PBXResourcesBuildPhase section */
		D798B8F42E52CB29002D4B21 /* Resources */ = {
			isa = PBXResourcesBuildPhase;
			buildActionMask = 2147483647;
			files = (
			);
			runOnlyForDeploymentPostprocessing = 0;
		};
		D798B90A2E52CB2C002D4B21 /* Resources */ = {
			isa = PBXResourcesBuildPhase;
			buildActionMask = 2147483647;
			files = (
			);
			runOnlyForDeploymentPostprocessing = 0;
		};
		D798B9142E52CB2C002D4B21 /* Resources */ = {
			isa = PBXResourcesBuildPhase;
			buildActionMask = 2147483647;
			files = (
			);
			runOnlyForDeploymentPostprocessing = 0;
		};
/* End PBXResourcesBuildPhase section */

/* Begin PBXSourcesBuildPhase section */
		D798B8F22E52CB29002D4B21 /* Sources */ = {
			isa = PBXSourcesBuildPhase;
			buildActionMask = 2147483647;
			files = (
			);
			runOnlyForDeploymentPostprocessing = 0;
		};
		D798B9082E52CB2C002D4B21 /* Sources */ = {
			isa = PBXSourcesBuildPhase;
			buildActionMask = 2147483647;
			files = (
			);
			runOnlyForDeploymentPostprocessing = 0;
		};
		D798B9122E52CB2C002D4B21 /* Sources */ = {
			isa = PBXSourcesBuildPhase;
			buildActionMask = 2147483647;
			files = (
			);
			runOnlyForDeploymentPostprocessing = 0;
		};
/* End PBXSourcesBuildPhase section */

/* Begin PBXTargetDependency section */
		D798B90E2E52CB2C002D4B21 /* PBXTargetDependency */ = {
			isa = PBXTargetDependency;
			target = D798B8F52E52CB29002D4B21 /* prueba001 */;
			targetProxy = D798B90D2E52CB2C002D4B21 /* PBXContainerItemProxy */;
		};
		D798B9182E52CB2C002D4B21 /* PBXTargetDependency */ = {
			isa = PBXTargetDependency;
			target = D798B8F52E52CB29002D4B21 /* prueba001 */;
			targetProxy = D798B9172E52CB2C002D4B21 /* PBXContainerItemProxy */;
		};
/* End PBXTargetDependency section */

/* Begin XCBuildConfiguration section */
		D798B9202E52CB2C002D4B21 /* Debug */ = {
			isa = XCBuildConfiguration;
			buildSettings = {
				ASSETCATALOG_COMPILER_APPICON_NAME = AppIcon;
				ASSETCATALOG_COMPILER_GLOBAL_ACCENT_COLOR_NAME = AccentColor;
				CODE_SIGN_STYLE = Automatic;
				CURRENT_PROJECT_VERSION = 1;
				DEVELOPMENT_TEAM = 4689PW3YU4;
				GENERATE_INFOPLIST_FILE = YES;
				INFOPLIST_FILE = prueba001/Info.plist;
				INFOPLIST_KEY_UIApplicationSupportsIndirectInputEvents = YES;
				INFOPLIST_KEY_UILaunchStoryboardName = LaunchScreen;
				INFOPLIST_KEY_UIMainStoryboardFile = Main;
				INFOPLIST_KEY_UISupportedInterfaceOrientations_iPad = "UIInterfaceOrientationPortrait UIInterfaceOrientationPortraitUpsideDown UIInterfaceOrientationLandscapeLeft UIInterfaceOrientationLandscapeRight";
				INFOPLIST_KEY_UISupportedInterfaceOrientations_iPhone = "UIInterfaceOrientationPortrait UIInterfaceOrientationLandscapeLeft UIInterfaceOrientationLandscapeRight";
				IPHONEOS_DEPLOYMENT_TARGET = 15.6;
				LD_RUNPATH_SEARCH_PATHS = (
					"$(inherited)",
					"@executable_path/Frameworks",
				);
				MARKETING_VERSION = 1.0;
				PRODUCT_BUNDLE_IDENTIFIER = com.mmmkkk.prueba001;
				PRODUCT_NAME = "$(TARGET_NAME)";
				SWIFT_EMIT_LOC_STRINGS = YES;
				SWIFT_VERSION = 5.0;
				TARGETED_DEVICE_FAMILY = "1,2";
			};
			name = Debug;
		};
		D798B9212E52CB2C002D4B21 /* Release */ = {
			isa = XCBuildConfiguration;
			buildSettings = {
				ASSETCATALOG_COMPILER_APPICON_NAME = AppIcon;
				ASSETCATALOG_COMPILER_GLOBAL_ACCENT_COLOR_NAME = AccentColor;
				CODE_SIGN_STYLE = Automatic;
				CURRENT_PROJECT_VERSION = 1;
				DEVELOPMENT_TEAM = 4689PW3YU4;
				GENERATE_INFOPLIST_FILE = YES;
				INFOPLIST_FILE = prueba001/Info.plist;
				INFOPLIST_KEY_UIApplicationSupportsIndirectInputEvents = YES;
				INFOPLIST_KEY_UILaunchStoryboardName = LaunchScreen;
				INFOPLIST_KEY_UIMainStoryboardFile = Main;
				INFOPLIST_KEY_UISupportedInterfaceOrientations_iPad = "UIInterfaceOrientationPortrait UIInterfaceOrientationPortraitUpsideDown UIInterfaceOrientationLandscapeLeft UIInterfaceOrientationLandscapeRight";
				INFOPLIST_KEY_UISupportedInterfaceOrientations_iPhone = "UIInterfaceOrientationPortrait UIInterfaceOrientationLandscapeLeft UIInterfaceOrientationLandscapeRight";
				IPHONEOS_DEPLOYMENT_TARGET = 15.6;
				LD_RUNPATH_SEARCH_PATHS = (
					"$(inherited)",
					"@executable_path/Frameworks",
				);
				MARKETING_VERSION = 1.0;
				PRODUCT_BUNDLE_IDENTIFIER = com.mmmkkk.prueba001;
				PRODUCT_NAME = "$(TARGET_NAME)";
				SWIFT_EMIT_LOC_STRINGS = YES;
				SWIFT_VERSION = 5.0;
				TARGETED_DEVICE_FAMILY = "1,2";
			};
			name = Release;
		};
		D798B9222E52CB2C002D4B21 /* Debug */ = {
			isa = XCBuildConfiguration;
			buildSettings = {
				ALWAYS_SEARCH_USER_PATHS = NO;
				ASSETCATALOG_COMPILER_GENERATE_SWIFT_ASSET_SYMBOL_EXTENSIONS = YES;
				CLANG_ANALYZER_NONNULL = YES;
				CLANG_ANALYZER_NUMBER_OBJECT_CONVERSION = YES_AGGRESSIVE;
				CLANG_CXX_LANGUAGE_STANDARD = "gnu++20";
				CLANG_ENABLE_MODULES = YES;
				CLANG_ENABLE_OBJC_ARC = YES;
				CLANG_ENABLE_OBJC_WEAK = YES;
				CLANG_WARN_BLOCK_CAPTURE_AUTORELEASING = YES;
				CLANG_WARN_BOOL_CONVERSION = YES;
				CLANG_WARN_COMMA = YES;
				CLANG_WARN_CONSTANT_CONVERSION = YES;
				CLANG_WARN_DEPRECATED_OBJC_IMPLEMENTATIONS = YES;
				CLANG_WARN_DIRECT_OBJC_ISA_USAGE = YES_ERROR;
				CLANG_WARN_DOCUMENTATION_COMMENTS = YES;
				CLANG_WARN_EMPTY_BODY = YES;
				CLANG_WARN_ENUM_CONVERSION = YES;
				CLANG_WARN_INFINITE_RECURSION = YES;
				CLANG_WARN_INT_CONVERSION = YES;
				CLANG_WARN_NON_LITERAL_NULL_CONVERSION = YES;
				CLANG_WARN_OBJC_IMPLICIT_RETAIN_SELF = YES;
				CLANG_WARN_OBJC_LITERAL_CONVERSION = YES;
				CLANG_WARN_OBJC_ROOT_CLASS = YES_ERROR;
				CLANG_WARN_QUOTED_INCLUDE_IN_FRAMEWORK_HEADER = YES;
				CLANG_WARN_RANGE_LOOP_ANALYSIS = YES;
				CLANG_WARN_STRICT_PROTOTYPES = YES;
				CLANG_WARN_SUSPICIOUS_MOVE = YES;
				CLANG_WARN_UNGUARDED_AVAILABILITY = YES_AGGRESSIVE;
				CLANG_WARN_UNREACHABLE_CODE = YES;
				CLANG_WARN__DUPLICATE_METHOD_MATCH = YES;
				COPY_PHASE_STRIP = NO;
				DEBUG_INFORMATION_FORMAT = dwarf;
				DEVELOPMENT_TEAM = 4689PW3YU4;
				ENABLE_STRICT_OBJC_MSGSEND = YES;
				ENABLE_TESTABILITY = YES;
				ENABLE_USER_SCRIPT_SANDBOXING = YES;
				GCC_C_LANGUAGE_STANDARD = gnu17;
				GCC_DYNAMIC_NO_PIC = NO;
				GCC_NO_COMMON_BLOCKS = YES;
				GCC_OPTIMIZATION_LEVEL = 0;
				GCC_PREPROCESSOR_DEFINITIONS = (
					"DEBUG=1",
					"$(inherited)",
				);
				GCC_WARN_64_TO_32_BIT_CONVERSION = YES;
				GCC_WARN_ABOUT_RETURN_TYPE = YES_ERROR;
				GCC_WARN_UNDECLARED_SELECTOR = YES;
				GCC_WARN_UNINITIALIZED_AUTOS = YES_AGGRESSIVE;
				GCC_WARN_UNUSED_FUNCTION = YES;
				GCC_WARN_UNUSED_VARIABLE = YES;
				IPHONEOS_DEPLOYMENT_TARGET = 18.5;
				LOCALIZATION_PREFERS_STRING_CATALOGS = YES;
				MTL_ENABLE_DEBUG_INFO = INCLUDE_SOURCE;
				MTL_FAST_MATH = YES;
				ONLY_ACTIVE_ARCH = YES;
				SDKROOT = iphoneos;
				SWIFT_ACTIVE_COMPILATION_CONDITIONS = "DEBUG $(inherited)";
				SWIFT_OPTIMIZATION_LEVEL = "-Onone";
			};
			name = Debug;
		};
		D798B9232E52CB2C002D4B21 /* Release */ = {
			isa = XCBuildConfiguration;
			buildSettings = {
				ALWAYS_SEARCH_USER_PATHS = NO;
				ASSETCATALOG_COMPILER_GENERATE_SWIFT_ASSET_SYMBOL_EXTENSIONS = YES;
				CLANG_ANALYZER_NONNULL = YES;
				CLANG_ANALYZER_NUMBER_OBJECT_CONVERSION = YES_AGGRESSIVE;
				CLANG_CXX_LANGUAGE_STANDARD = "gnu++20";
				CLANG_ENABLE_MODULES = YES;
				CLANG_ENABLE_OBJC_ARC = YES;
				CLANG_ENABLE_OBJC_WEAK = YES;
				CLANG_WARN_BLOCK_CAPTURE_AUTORELEASING = YES;
				CLANG_WARN_BOOL_CONVERSION = YES;
				CLANG_WARN_COMMA = YES;
				CLANG_WARN_CONSTANT_CONVERSION = YES;
				CLANG_WARN_DEPRECATED_OBJC_IMPLEMENTATIONS = YES;
				CLANG_WARN_DIRECT_OBJC_ISA_USAGE = YES_ERROR;
				CLANG_WARN_DOCUMENTATION_COMMENTS = YES;
				CLANG_WARN_EMPTY_BODY = YES;
				CLANG_WARN_ENUM_CONVERSION = YES;
				CLANG_WARN_INFINITE_RECURSION = YES;
				CLANG_WARN_INT_CONVERSION = YES;
				CLANG_WARN_NON_LITERAL_NULL_CONVERSION = YES;
				CLANG_WARN_OBJC_IMPLICIT_RETAIN_SELF = YES;
				CLANG_WARN_OBJC_LITERAL_CONVERSION = YES;
				CLANG_WARN_OBJC_ROOT_CLASS = YES_ERROR;
				CLANG_WARN_QUOTED_INCLUDE_IN_FRAMEWORK_HEADER = YES;
				CLANG_WARN_RANGE_LOOP_ANALYSIS = YES;
				CLANG_WARN_STRICT_PROTOTYPES = YES;
				CLANG_WARN_SUSPICIOUS_MOVE = YES;
				CLANG_WARN_UNGUARDED_AVAILABILITY = YES_AGGRESSIVE;
				CLANG_WARN_UNREACHABLE_CODE = YES;
				CLANG_WARN__DUPLICATE_METHOD_MATCH = YES;
				COPY_PHASE_STRIP = NO;
				DEBUG_INFORMATION_FORMAT = "dwarf-with-dsym";
				DEVELOPMENT_TEAM = 4689PW3YU4;
				ENABLE_NS_ASSERTIONS = NO;
				ENABLE_STRICT_OBJC_MSGSEND = YES;
				ENABLE_USER_SCRIPT_SANDBOXING = YES;
				GCC_C_LANGUAGE_STANDARD = gnu17;
				GCC_NO_COMMON_BLOCKS = YES;
				GCC_WARN_64_TO_32_BIT_CONVERSION = YES;
				GCC_WARN_ABOUT_RETURN_TYPE = YES_ERROR;
				GCC_WARN_UNDECLARED_SELECTOR = YES;
				GCC_WARN_UNINITIALIZED_AUTOS = YES_AGGRESSIVE;
				GCC_WARN_UNUSED_FUNCTION = YES;
				GCC_WARN_UNUSED_VARIABLE = YES;
				IPHONEOS_DEPLOYMENT_TARGET = 18.5;
				LOCALIZATION_PREFERS_STRING_CATALOGS = YES;
				MTL_ENABLE_DEBUG_INFO = NO;
				MTL_FAST_MATH = YES;
				SDKROOT = iphoneos;
				SWIFT_COMPILATION_MODE = wholemodule;
				VALIDATE_PRODUCT = YES;
			};
			name = Release;
		};
		D798B9252E52CB2C002D4B21 /* Debug */ = {
			isa = XCBuildConfiguration;
			buildSettings = {
				BUNDLE_LOADER = "$(TEST_HOST)";
				CODE_SIGN_STYLE = Automatic;
				CURRENT_PROJECT_VERSION = 1;
				DEVELOPMENT_TEAM = 4689PW3YU4;
				GENERATE_INFOPLIST_FILE = YES;
				IPHONEOS_DEPLOYMENT_TARGET = 18.5;
				MARKETING_VERSION = 1.0;
				PRODUCT_BUNDLE_IDENTIFIER = com.mmmkkk.prueba001Tests;
				PRODUCT_NAME = "$(TARGET_NAME)";
				SWIFT_EMIT_LOC_STRINGS = NO;
				SWIFT_VERSION = 5.0;
				TARGETED_DEVICE_FAMILY = "1,2";
				TEST_HOST = "$(BUILT_PRODUCTS_DIR)/prueba001.app/$(BUNDLE_EXECUTABLE_FOLDER_PATH)/prueba001";
			};
			name = Debug;
		};
		D798B9262E52CB2C002D4B21 /* Release */ = {
			isa = XCBuildConfiguration;
			buildSettings = {
				BUNDLE_LOADER = "$(TEST_HOST)";
				CODE_SIGN_STYLE = Automatic;
				CURRENT_PROJECT_VERSION = 1;
				DEVELOPMENT_TEAM = 4689PW3YU4;
				GENERATE_INFOPLIST_FILE = YES;
				IPHONEOS_DEPLOYMENT_TARGET = 18.5;
				MARKETING_VERSION = 1.0;
				PRODUCT_BUNDLE_IDENTIFIER = com.mmmkkk.prueba001Tests;
				PRODUCT_NAME = "$(TARGET_NAME)";
				SWIFT_EMIT_LOC_STRINGS = NO;
				SWIFT_VERSION = 5.0;
				TARGETED_DEVICE_FAMILY = "1,2";
				TEST_HOST = "$(BUILT_PRODUCTS_DIR)/prueba001.app/$(BUNDLE_EXECUTABLE_FOLDER_PATH)/prueba001";
			};
			name = Release;
		};
		D798B9282E52CB2C002D4B21 /* Debug */ = {
			isa = XCBuildConfiguration;
			buildSettings = {
				CODE_SIGN_STYLE = Automatic;
				CURRENT_PROJECT_VERSION = 1;
				DEVELOPMENT_TEAM = 4689PW3YU4;
				GENERATE_INFOPLIST_FILE = YES;
				MARKETING_VERSION = 1.0;
				PRODUCT_BUNDLE_IDENTIFIER = com.mmmkkk.prueba001UITests;
				PRODUCT_NAME = "$(TARGET_NAME)";
				SWIFT_EMIT_LOC_STRINGS = NO;
				SWIFT_VERSION = 5.0;
				TARGETED_DEVICE_FAMILY = "1,2";
				TEST_TARGET_NAME = prueba001;
			};
			name = Debug;
		};
		D798B9292E52CB2C002D4B21 /* Release */ = {
			isa = XCBuildConfiguration;
			buildSettings = {
				CODE_SIGN_STYLE = Automatic;
				CURRENT_PROJECT_VERSION = 1;
				DEVELOPMENT_TEAM = 4689PW3YU4;
				GENERATE_INFOPLIST_FILE = YES;
				MARKETING_VERSION = 1.0;
				PRODUCT_BUNDLE_IDENTIFIER = com.mmmkkk.prueba001UITests;
				PRODUCT_NAME = "$(TARGET_NAME)";
				SWIFT_EMIT_LOC_STRINGS = NO;
				SWIFT_VERSION = 5.0;
				TARGETED_DEVICE_FAMILY = "1,2";
				TEST_TARGET_NAME = prueba001;
			};
			name = Release;
		};
/* End XCBuildConfiguration section */

/* Begin XCConfigurationList section */
		D798B8F12E52CB29002D4B21 /* Build configuration list for PBXProject "prueba001" */ = {
			isa = XCConfigurationList;
			buildConfigurations = (
				D798B9222E52CB2C002D4B21 /* Debug */,
				D798B9232E52CB2C002D4B21 /* Release */,
			);
			defaultConfigurationIsVisible = 0;
			defaultConfigurationName = Release;
		};
		D798B91F2E52CB2C002D4B21 /* Build configuration list for PBXNativeTarget "prueba001" */ = {
			isa = XCConfigurationList;
			buildConfigurations = (
				D798B9202E52CB2C002D4B21 /* Debug */,
				D798B9212E52CB2C002D4B21 /* Release */,
			);
			defaultConfigurationIsVisible = 0;
			defaultConfigurationName = Release;
		};
		D798B9242E52CB2C002D4B21 /* Build configuration list for PBXNativeTarget "prueba001Tests" */ = {
			isa = XCConfigurationList;
			buildConfigurations = (
				D798B9252E52CB2C002D4B21 /* Debug */,
				D798B9262E52CB2C002D4B21 /* Release */,
			);
			defaultConfigurationIsVisible = 0;
			defaultConfigurationName = Release;
		};
		D798B9272E52CB2C002D4B21 /* Build configuration list for PBXNativeTarget "prueba001UITests" */ = {
			isa = XCConfigurationList;
			buildConfigurations = (
				D798B9282E52CB2C002D4B21 /* Debug */,
				D798B9292E52CB2C002D4B21 /* Release */,
			);
			defaultConfigurationIsVisible = 0;
			defaultConfigurationName = Release;
		};
/* End XCConfigurationList section */
	};
	rootObject = D798B8EE2E52CB29002D4B21 /* Project object */;
}
